
Microsoft Visual Studio Solution File, Format Version 12.00
# Visual Studio Version 17
VisualStudioVersion = 17.10.35013.160
MinimumVisualStudioVersion = 10.0.40219.1
Project("{8BC9CEB8-8B4A-11D0-8D11-00A0C91BC942}") = "02_Variable_Length_Arrays", "02_Variable_Length_Arrays\02_Variable_Length_Arrays.vcxproj", "{40ECF84D-1236-4234-AE9E-74477D4C48B1}"
EndProject
Project("{8BC9CEB8-8B4A-11D0-8D11-00A0C91BC942}") = "03_Linked_List", "03_Linked_List\03_Linked_List.vcxproj", "{D18A5C70-1AF5-4CF8-A35E-B5B259675E37}"
EndProject
Project("{8BC9CEB8-8B4A-11D0-8D11-00A0C91BC942}") = "04_Class_Variable_Length_Arrays", "04_Class_Variable_Length_Arrays\04_Class_Variable_Length_Arrays.vcxproj", "{8419CA39-5193-45B9-BD0D-4380651FCEC7}"
EndProject
Project("{8BC9CEB8-8B4A-11D0-8D11-00A0C91BC942}") = "05_Class_Template_List", "05_Class_Template_List\05_Class_Template_List.vcxproj", "{D74CC098-2E7C-4EF6-BBD2-F07C06069F5C}"
EndProject
Project("{8BC9CEB8-8B4A-11D0-8D11-00A0C91BC942}") = "01_BAEKJOON", "01_BAEKJOON\01_BAEKJOON.vcxproj", "{CD6E8E00-1FBF-4CEE-89FD-2601187B946F}"
EndProject
Project("{8BC9CEB8-8B4A-11D0-8D11-00A0C91BC942}") = "06_Algorithm", "06_Algorithm\06_Algorithm.vcxproj", "{82B2E5AC-C5B0-43D1-BAE7-DB0D3B0EAF45}"
EndProject
Project("{8BC9CEB8-8B4A-11D0-8D11-00A0C91BC942}") = "07_Maze", "07_Maze\07_Maze.vcxproj", "{6153DE84-7C09-4B10-BC26-BE7F7D2BAB1D}"
EndProject
Project("{8BC9CEB8-8B4A-11D0-8D11-00A0C91BC942}") = "08_Graph", "08_Graph\08_Graph.vcxproj", "{B622FE80-6E8A-4B4E-B158-3CBC576BE6BC}"
EndProject
Global
	GlobalSection(SolutionConfigurationPlatforms) = preSolution
		Debug|x64 = Debug|x64
		Debug|x86 = Debug|x86
		Release|x64 = Release|x64
		Release|x86 = Release|x86
	EndGlobalSection
	GlobalSection(ProjectConfigurationPlatforms) = postSolution
		{40ECF84D-1236-4234-AE9E-74477D4C48B1}.Debug|x64.ActiveCfg = Debug|x64
		{40ECF84D-1236-4234-AE9E-74477D4C48B1}.Debug|x64.Build.0 = Debug|x64
		{40ECF84D-1236-4234-AE9E-74477D4C48B1}.Debug|x86.ActiveCfg = Debug|Win32
		{40ECF84D-1236-4234-AE9E-74477D4C48B1}.Debug|x86.Build.0 = Debug|Win32
		{40ECF84D-1236-4234-AE9E-74477D4C48B1}.Release|x64.ActiveCfg = Release|x64
		{40ECF84D-1236-4234-AE9E-74477D4C48B1}.Release|x64.Build.0 = Release|x64
		{40ECF84D-1236-4234-AE9E-74477D4C48B1}.Release|x86.ActiveCfg = Release|Win32
		{40ECF84D-1236-4234-AE9E-74477D4C48B1}.Release|x86.Build.0 = Release|Win32
		{D18A5C70-1AF5-4CF8-A35E-B5B259675E37}.Debug|x64.ActiveCfg = Debug|x64
		{D18A5C70-1AF5-4CF8-A35E-B5B259675E37}.Debug|x64.Build.0 = Debug|x64
		{D18A5C70-1AF5-4CF8-A35E-B5B259675E37}.Debug|x86.ActiveCfg = Debug|Win32
		{D18A5C70-1AF5-4CF8-A35E-B5B259675E37}.Debug|x86.Build.0 = Debug|Win32
		{D18A5C70-1AF5-4CF8-A35E-B5B259675E37}.Release|x64.ActiveCfg = Release|x64
		{D18A5C70-1AF5-4CF8-A35E-B5B259675E37}.Release|x64.Build.0 = Release|x64
		{D18A5C70-1AF5-4CF8-A35E-B5B259675E37}.Release|x86.ActiveCfg = Release|Win32
		{D18A5C70-1AF5-4CF8-A35E-B5B259675E37}.Release|x86.Build.0 = Release|Win32
		{8419CA39-5193-45B9-BD0D-4380651FCEC7}.Debug|x64.ActiveCfg = Debug|x64
		{8419CA39-5193-45B9-BD0D-4380651FCEC7}.Debug|x64.Build.0 = Debug|x64
		{8419CA39-5193-45B9-BD0D-4380651FCEC7}.Debug|x86.ActiveCfg = Debug|Win32
		{8419CA39-5193-45B9-BD0D-4380651FCEC7}.Debug|x86.Build.0 = Debug|Win32
		{8419CA39-5193-45B9-BD0D-4380651FCEC7}.Release|x64.ActiveCfg = Release|x64
		{8419CA39-5193-45B9-BD0D-4380651FCEC7}.Release|x64.Build.0 = Release|x64
		{8419CA39-5193-45B9-BD0D-4380651FCEC7}.Release|x86.ActiveCfg = Release|Win32
		{8419CA39-5193-45B9-BD0D-4380651FCEC7}.Release|x86.Build.0 = Release|Win32
		{D74CC098-2E7C-4EF6-BBD2-F07C06069F5C}.Debug|x64.ActiveCfg = Debug|x64
		{D74CC098-2E7C-4EF6-BBD2-F07C06069F5C}.Debug|x64.Build.0 = Debug|x64
		{D74CC098-2E7C-4EF6-BBD2-F07C06069F5C}.Debug|x86.ActiveCfg = Debug|Win32
		{D74CC098-2E7C-4EF6-BBD2-F07C06069F5C}.Debug|x86.Build.0 = Debug|Win32
		{D74CC098-2E7C-4EF6-BBD2-F07C06069F5C}.Release|x64.ActiveCfg = Release|x64
		{D74CC098-2E7C-4EF6-BBD2-F07C06069F5C}.Release|x64.Build.0 = Release|x64
		{D74CC098-2E7C-4EF6-BBD2-F07C06069F5C}.Release|x86.ActiveCfg = Release|Win32
		{D74CC098-2E7C-4EF6-BBD2-F07C06069F5C}.Release|x86.Build.0 = Release|Win32
		{CD6E8E00-1FBF-4CEE-89FD-2601187B946F}.Debug|x64.ActiveCfg = Debug|x64
		{CD6E8E00-1FBF-4CEE-89FD-2601187B946F}.Debug|x64.Build.0 = Debug|x64
		{CD6E8E00-1FBF-4CEE-89FD-2601187B946F}.Debug|x86.ActiveCfg = Debug|Win32
		{CD6E8E00-1FBF-4CEE-89FD-2601187B946F}.Debug|x86.Build.0 = Debug|Win32
		{CD6E8E00-1FBF-4CEE-89FD-2601187B946F}.Release|x64.ActiveCfg = Release|x64
		{CD6E8E00-1FBF-4CEE-89FD-2601187B946F}.Release|x64.Build.0 = Release|x64
		{CD6E8E00-1FBF-4CEE-89FD-2601187B946F}.Release|x86.ActiveCfg = Release|Win32
		{CD6E8E00-1FBF-4CEE-89FD-2601187B946F}.Release|x86.Build.0 = Release|Win32
		{82B2E5AC-C5B0-43D1-BAE7-DB0D3B0EAF45}.Debug|x64.ActiveCfg = Debug|x64
		{82B2E5AC-C5B0-43D1-BAE7-DB0D3B0EAF45}.Debug|x64.Build.0 = Debug|x64
		{82B2E5AC-C5B0-43D1-BAE7-DB0D3B0EAF45}.Debug|x86.ActiveCfg = Debug|Win32
		{82B2E5AC-C5B0-43D1-BAE7-DB0D3B0EAF45}.Debug|x86.Build.0 = Debug|Win32
		{82B2E5AC-C5B0-43D1-BAE7-DB0D3B0EAF45}.Release|x64.ActiveCfg = Release|x64
		{82B2E5AC-C5B0-43D1-BAE7-DB0D3B0EAF45}.Release|x64.Build.0 = Release|x64
		{82B2E5AC-C5B0-43D1-BAE7-DB0D3B0EAF45}.Release|x86.ActiveCfg = Release|Win32
		{82B2E5AC-C5B0-43D1-BAE7-DB0D3B0EAF45}.Release|x86.Build.0 = Release|Win32
		{6153DE84-7C09-4B10-BC26-BE7F7D2BAB1D}.Debug|x64.ActiveCfg = Debug|x64
		{6153DE84-7C09-4B10-BC26-BE7F7D2BAB1D}.Debug|x64.Build.0 = Debug|x64
		{6153DE84-7C09-4B10-BC26-BE7F7D2BAB1D}.Debug|x86.ActiveCfg = Debug|Win32
		{6153DE84-7C09-4B10-BC26-BE7F7D2BAB1D}.Debug|x86.Build.0 = Debug|Win32
		{6153DE84-7C09-4B10-BC26-BE7F7D2BAB1D}.Release|x64.ActiveCfg = Release|x64
		{6153DE84-7C09-4B10-BC26-BE7F7D2BAB1D}.Release|x64.Build.0 = Release|x64
		{6153DE84-7C09-4B10-BC26-BE7F7D2BAB1D}.Release|x86.ActiveCfg = Release|Win32
		{6153DE84-7C09-4B10-BC26-BE7F7D2BAB1D}.Release|x86.Build.0 = Release|Win32
		{B622FE80-6E8A-4B4E-B158-3CBC576BE6BC}.Debug|x64.ActiveCfg = Debug|x64
		{B622FE80-6E8A-4B4E-B158-3CBC576BE6BC}.Debug|x64.Build.0 = Debug|x64
		{B622FE80-6E8A-4B4E-B158-3CBC576BE6BC}.Debug|x86.ActiveCfg = Debug|Win32
		{B622FE80-6E8A-4B4E-B158-3CBC576BE6BC}.Debug|x86.Build.0 = Debug|Win32
		{B622FE80-6E8A-4B4E-B158-3CBC576BE6BC}.Release|x64.ActiveCfg = Release|x64
		{B622FE80-6E8A-4B4E-B158-3CBC576BE6BC}.Release|x64.Build.0 = Release|x64
		{B622FE80-6E8A-4B4E-B158-3CBC576BE6BC}.Release|x86.ActiveCfg = Release|Win32
		{B622FE80-6E8A-4B4E-B158-3CBC576BE6BC}.Release|x86.Build.0 = Release|Win32
	EndGlobalSection
	GlobalSection(SolutionProperties) = preSolution
		HideSolutionNode = FALSE
	EndGlobalSection
	GlobalSection(ExtensibilityGlobals) = postSolution
		SolutionGuid = {86833998-2493-422F-B695-B984559F7254}
	EndGlobalSection
EndGlobal
